
Microsoft Visual Studio Solution File, Format Version 12.00
# Visual Studio Version 17
VisualStudioVersion = 17.3.32825.248
MinimumVisualStudioVersion = 10.0.40219.1
Project("{9A19103F-16F7-4668-BE54-9A1E7A4F7556}") = "Calculator", "Calculator\Calculator.csproj", "{B63ADEE2-3CD6-49C5-B142-818798C064DD}"
EndProject
Project("{FAE04EC0-301F-11D3-BF4B-00C04F79EFBC}") = "CalculatorTests", "CalculatorTests\CalculatorTests.csproj", "{024936C9-1EE0-40AC-AA57-C39DF7BF222D}"
EndProject
Global
	GlobalSection(SolutionConfigurationPlatforms) = preSolution
		Debug|Any CPU = Debug|Any CPU
		Release|Any CPU = Release|Any CPU
	EndGlobalSection
	GlobalSection(ProjectConfigurationPlatforms) = postSolution
		{B63ADEE2-3CD6-49C5-B142-818798C064DD}.Debug|Any CPU.ActiveCfg = Debug|Any CPU
		{B63ADEE2-3CD6-49C5-B142-818798C064DD}.Debug|Any CPU.Build.0 = Debug|Any CPU
		{B63ADEE2-3CD6-49C5-B142-818798C064DD}.Release|Any CPU.ActiveCfg = Release|Any CPU
		{B63ADEE2-3CD6-49C5-B142-818798C064DD}.Release|Any CPU.Build.0 = Release|Any CPU
		{024936C9-1EE0-40AC-AA57-C39DF7BF222D}.Debug|Any CPU.ActiveCfg = Debug|Any CPU
		{024936C9-1EE0-40AC-AA57-C39DF7BF222D}.Debug|Any CPU.Build.0 = Debug|Any CPU
		{024936C9-1EE0-40AC-AA57-C39DF7BF222D}.Release|Any CPU.ActiveCfg = Release|Any CPU
		{024936C9-1EE0-40AC-AA57-C39DF7BF222D}.Release|Any CPU.Build.0 = Release|Any CPU
	EndGlobalSection
	GlobalSection(SolutionProperties) = preSolution
		HideSolutionNode = FALSE
	EndGlobalSection
	GlobalSection(ExtensibilityGlobals) = postSolution
		SolutionGuid = {E5494C49-F7A0-47C1-8DBD-54747F521501}
	EndGlobalSection
EndGlobal
